Microsoft Visual Studio Solution File, Format Version 12.00
# Visual Studio 15
VisualStudioVersion = 15.0.27703.2042
MinimumVisualStudioVersion = 10.0.40219.1
Project("{9A19103F-16F7-4668-BE54-9A1E7A4F7556}") = "Clockwork.API", "Clockwork.API\Clockwork.API.csproj", "{1B8B9C9D-EB80-405D-A2B4-6FEE566D8EC9}"
EndProject
Project("{9A19103F-16F7-4668-BE54-9A1E7A4F7556}") = "Clockwork.Core", "Clockwork.Core\Clockwork.Core.csproj", "{C26D55D3-2A76-44F3-83F9-DE72F1125A63}"
EndProject
Project("{FAE04EC0-301F-11D3-BF4B-00C04F79EFBC}") = "Selenium", "Selenium\Selenium.csproj", "{00D8DAAB-FB2F-4589-A85B-68B08645F4D0}"
EndProject
Global
	GlobalSection(SolutionConfigurationPlatforms) = preSolution
		Debug|Any CPU = Debug|Any CPU
		Release|Any CPU = Release|Any CPU
	EndGlobalSection
	GlobalSection(ProjectConfigurationPlatforms) = postSolution
		{1B8B9C9D-EB80-405D-A2B4-6FEE566D8EC9}.Debug|Any CPU.ActiveCfg = Debug|Any CPU
		{1B8B9C9D-EB80-405D-A2B4-6FEE566D8EC9}.Debug|Any CPU.Build.0 = Debug|Any CPU
		{1B8B9C9D-EB80-405D-A2B4-6FEE566D8EC9}.Release|Any CPU.ActiveCfg = Release|Any CPU
		{1B8B9C9D-EB80-405D-A2B4-6FEE566D8EC9}.Release|Any CPU.Build.0 = Release|Any CPU
		{C26D55D3-2A76-44F3-83F9-DE72F1125A63}.Debug|Any CPU.ActiveCfg = Debug|Any CPU
		{C26D55D3-2A76-44F3-83F9-DE72F1125A63}.Debug|Any CPU.Build.0 = Debug|Any CPU
		{C26D55D3-2A76-44F3-83F9-DE72F1125A63}.Release|Any CPU.ActiveCfg = Release|Any CPU
		{C26D55D3-2A76-44F3-83F9-DE72F1125A63}.Release|Any CPU.Build.0 = Release|Any CPU
		{00D8DAAB-FB2F-4589-A85B-68B08645F4D0}.Debug|Any CPU.ActiveCfg = Debug|Any CPU
		{00D8DAAB-FB2F-4589-A85B-68B08645F4D0}.Debug|Any CPU.Build.0 = Debug|Any CPU
		{00D8DAAB-FB2F-4589-A85B-68B08645F4D0}.Release|Any CPU.ActiveCfg = Release|Any CPU
		{00D8DAAB-FB2F-4589-A85B-68B08645F4D0}.Release|Any CPU.Build.0 = Release|Any CPU
	EndGlobalSection
	GlobalSection(SolutionProperties) = preSolution
		HideSolutionNode = FALSE
	EndGlobalSection
	GlobalSection(ExtensibilityGlobals) = postSolution
		SolutionGuid = {AD9A5750-6B9D-433E-9DA0-13D4C813ED9E}
	EndGlobalSection
EndGlobal
