
Microsoft Visual Studio Solution File, Format Version 12.00
# Visual Studio 15
VisualStudioVersion = 15.0.27428.2037
MinimumVisualStudioVersion = 10.0.40219.1
Project("{FAE04EC0-301F-11D3-BF4B-00C04F79EFBC}") = "TodoApi", "TodoApi\TodoApi.csproj", "{1A164E04-DB38-4ED3-B56E-B241ABA76D69}"
EndProject
Global
	GlobalSection(SolutionConfigurationPlatforms) = preSolution
		Debug|Any CPU = Debug|Any CPU
		Release|Any CPU = Release|Any CPU
	EndGlobalSection
	GlobalSection(ProjectConfigurationPlatforms) = postSolution
		{1A164E04-DB38-4ED3-B56E-B241ABA76D69}.Debug|Any CPU.ActiveCfg = Debug|Any CPU
		{1A164E04-DB38-4ED3-B56E-B241ABA76D69}.Debug|Any CPU.Build.0 = Debug|Any CPU
		{1A164E04-DB38-4ED3-B56E-B241ABA76D69}.Release|Any CPU.ActiveCfg = Release|Any CPU
		{1A164E04-DB38-4ED3-B56E-B241ABA76D69}.Release|Any CPU.Build.0 = Release|Any CPU
	EndGlobalSection
	GlobalSection(SolutionProperties) = preSolution
		HideSolutionNode = FALSE
	EndGlobalSection
	GlobalSection(ExtensibilityGlobals) = postSolution
		SolutionGuid = {D86C54EA-F187-48BB-922F-CC7E91F8F331}
	EndGlobalSection
EndGlobal
