
Microsoft Visual Studio Solution File, Format Version 12.00
# Visual Studio 15
VisualStudioVersion = 15.0.26730.3
MinimumVisualStudioVersion = 10.0.40219.1
Project("{FAE04EC0-301F-11D3-BF4B-00C04F79EFBC}") = "Ares", "Ares2.0\Ares.csproj", "{D9342225-55D6-42C1-A9EB-BA073975103F}"
EndProject
Global
	GlobalSection(SolutionConfigurationPlatforms) = preSolution
		Debug|Any CPU = Debug|Any CPU
		Release|Any CPU = Release|Any CPU
	EndGlobalSection
	GlobalSection(ProjectConfigurationPlatforms) = postSolution
		{D9342225-55D6-42C1-A9EB-BA073975103F}.Debug|Any CPU.ActiveCfg = Debug|Any CPU
		{D9342225-55D6-42C1-A9EB-BA073975103F}.Debug|Any CPU.Build.0 = Debug|Any CPU
		{D9342225-55D6-42C1-A9EB-BA073975103F}.Release|Any CPU.ActiveCfg = Release|Any CPU
		{D9342225-55D6-42C1-A9EB-BA073975103F}.Release|Any CPU.Build.0 = Release|Any CPU
	EndGlobalSection
	GlobalSection(SolutionProperties) = preSolution
		HideSolutionNode = FALSE
	EndGlobalSection
	GlobalSection(ExtensibilityGlobals) = postSolution
		SolutionGuid = {355132EE-D6BD-48FE-B074-AD42C9AF94DF}
	EndGlobalSection
EndGlobal
